
Microsoft Visual Studio Solution File, Format Version 12.00
# Visual Studio Version 16
VisualStudioVersion = 16.0.29728.190
MinimumVisualStudioVersion = 10.0.40219.1
Project("{FAE04EC0-301F-11D3-BF4B-00C04F79EFBC}") = "Tic-Tac-Toe", "Tic-Tac-Toe\Tic-Tac-Toe.csproj", "{92838998-A264-45BE-A191-7555CD7B31E5}"
EndProject
Global
	GlobalSection(SolutionConfigurationPlatforms) = preSolution
		Debug|Any CPU = Debug|Any CPU
		Release|Any CPU = Release|Any CPU
	EndGlobalSection
	GlobalSection(ProjectConfigurationPlatforms) = postSolution
		{92838998-A264-45BE-A191-7555CD7B31E5}.Debug|Any CPU.ActiveCfg = Debug|Any CPU
		{92838998-A264-45BE-A191-7555CD7B31E5}.Debug|Any CPU.Build.0 = Debug|Any CPU
		{92838998-A264-45BE-A191-7555CD7B31E5}.Release|Any CPU.ActiveCfg = Release|Any CPU
		{92838998-A264-45BE-A191-7555CD7B31E5}.Release|Any CPU.Build.0 = Release|Any CPU
	EndGlobalSection
	GlobalSection(SolutionProperties) = preSolution
		HideSolutionNode = FALSE
	EndGlobalSection
	GlobalSection(ExtensibilityGlobals) = postSolution
		SolutionGuid = {7000F993-57E0-448F-A83A-65D87387FA04}
	EndGlobalSection
EndGlobal
